{
  "requires": true,
  "lockfileVersion": 1,
  "dependencies": {
    "vue-class-component": {
      "version": "7.1.0",
      "resolved": "https://registry.npmjs.org/vue-class-component/-/vue-class-component-7.1.0.tgz",
      "integrity": "sha512-G9152NzUkz0i0xTfhk0Afc8vzdXxDR1pfN4dTwE72cskkgJtdXfrKBkMfGvDuxUh35U500g5Ve4xL8PEGdWeHg=="
    },
    "vue-property-decorator": {
      "version": "8.3.0",
      "resolved": "https://registry.npmjs.org/vue-property-decorator/-/vue-property-decorator-8.3.0.tgz",
      "integrity": "sha512-77YtTbZHd5CNiPzbqv51kEgL48yvD2dUDfF28vEyw3MbQ9bBAb/tDyFzskcqjNRbWyXk1vq4oM2CK/LfhxuIBg==",
      "requires": {
        "vue-class-component": "^7.1.0"
      }
    }
  }
}
